{
  "object": {
    "pins": [
      {
        "package": "SwiftUICharts",
        "repositoryURL": "https://github.com/willdale/SwiftUICharts",
        "state": {
          "branch": null,
          "revision": "21337e171452a6b523b8d81ff8bb2fe99660ddcd",
          "version": "2.6.4"
        }
      }
    ]
  },
  "version": 1
}
